
Microsoft Visual Studio Solution File, Format Version 12.00
# Visual Studio Version 17
VisualStudioVersion = 17.5.33424.131
MinimumVisualStudioVersion = 10.0.40219.1
Project("{FAE04EC0-301F-11D3-BF4B-00C04F79EFBC}") = "Exercicios.UdemyNelio4", "Exercicios.UdemyNelio4\Exercicios.UdemyNelio4.csproj", "{966ECAA7-F021-4349-8D6B-B2594767AE41}"
EndProject
Global
	GlobalSection(SolutionConfigurationPlatforms) = preSolution
		Debug|Any CPU = Debug|Any CPU
		Release|Any CPU = Release|Any CPU
	EndGlobalSection
	GlobalSection(ProjectConfigurationPlatforms) = postSolution
		{966ECAA7-F021-4349-8D6B-B2594767AE41}.Debug|Any CPU.ActiveCfg = Debug|Any CPU
		{966ECAA7-F021-4349-8D6B-B2594767AE41}.Debug|Any CPU.Build.0 = Debug|Any CPU
		{966ECAA7-F021-4349-8D6B-B2594767AE41}.Release|Any CPU.ActiveCfg = Release|Any CPU
		{966ECAA7-F021-4349-8D6B-B2594767AE41}.Release|Any CPU.Build.0 = Release|Any CPU
	EndGlobalSection
	GlobalSection(SolutionProperties) = preSolution
		HideSolutionNode = FALSE
	EndGlobalSection
	GlobalSection(ExtensibilityGlobals) = postSolution
		SolutionGuid = {58C1FB57-CC37-47A5-9F11-939ACEDD8D49}
	EndGlobalSection
EndGlobal
