
Microsoft Visual Studio Solution File, Format Version 12.00
# Visual Studio Version 17
VisualStudioVersion = 17.5.33424.131
MinimumVisualStudioVersion = 10.0.40219.1
Project("{FAE04EC0-301F-11D3-BF4B-00C04F79EFBC}") = "Exercicios.UdemyNelio7", "Exercicios.UdemyNelio7\Exercicios.UdemyNelio7.csproj", "{AC7D1F05-C901-4988-A239-ED4C71EBA18B}"
EndProject
Global
	GlobalSection(SolutionConfigurationPlatforms) = preSolution
		Debug|Any CPU = Debug|Any CPU
		Release|Any CPU = Release|Any CPU
	EndGlobalSection
	GlobalSection(ProjectConfigurationPlatforms) = postSolution
		{AC7D1F05-C901-4988-A239-ED4C71EBA18B}.Debug|Any CPU.ActiveCfg = Debug|Any CPU
		{AC7D1F05-C901-4988-A239-ED4C71EBA18B}.Debug|Any CPU.Build.0 = Debug|Any CPU
		{AC7D1F05-C901-4988-A239-ED4C71EBA18B}.Release|Any CPU.ActiveCfg = Release|Any CPU
		{AC7D1F05-C901-4988-A239-ED4C71EBA18B}.Release|Any CPU.Build.0 = Release|Any CPU
	EndGlobalSection
	GlobalSection(SolutionProperties) = preSolution
		HideSolutionNode = FALSE
	EndGlobalSection
	GlobalSection(ExtensibilityGlobals) = postSolution
		SolutionGuid = {751BAAE0-E4C4-4577-84D9-E72073CF926C}
	EndGlobalSection
EndGlobal
