
Microsoft Visual Studio Solution File, Format Version 12.00
# Visual Studio Version 17
VisualStudioVersion = 17.5.33424.131
MinimumVisualStudioVersion = 10.0.40219.1
Project("{FAE04EC0-301F-11D3-BF4B-00C04F79EFBC}") = "ConsoleApp2", "ConsoleApp2\ConsoleApp2.csproj", "{31ED6176-8BEB-4054-95D9-B9CB17FEC535}"
EndProject
Global
	GlobalSection(SolutionConfigurationPlatforms) = preSolution
		Debug|Any CPU = Debug|Any CPU
		Release|Any CPU = Release|Any CPU
	EndGlobalSection
	GlobalSection(ProjectConfigurationPlatforms) = postSolution
		{31ED6176-8BEB-4054-95D9-B9CB17FEC535}.Debug|Any CPU.ActiveCfg = Debug|Any CPU
		{31ED6176-8BEB-4054-95D9-B9CB17FEC535}.Debug|Any CPU.Build.0 = Debug|Any CPU
		{31ED6176-8BEB-4054-95D9-B9CB17FEC535}.Release|Any CPU.ActiveCfg = Release|Any CPU
		{31ED6176-8BEB-4054-95D9-B9CB17FEC535}.Release|Any CPU.Build.0 = Release|Any CPU
	EndGlobalSection
	GlobalSection(SolutionProperties) = preSolution
		HideSolutionNode = FALSE
	EndGlobalSection
	GlobalSection(ExtensibilityGlobals) = postSolution
		SolutionGuid = {AA951895-A35E-4E24-B263-E9A30DE473AA}
	EndGlobalSection
EndGlobal
