
Microsoft Visual Studio Solution File, Format Version 12.00
# Visual Studio Version 17
VisualStudioVersion = 17.5.33424.131
MinimumVisualStudioVersion = 10.0.40219.1
Project("{FAE04EC0-301F-11D3-BF4B-00C04F79EFBC}") = "Vetores3", "Vetores3\Vetores3.csproj", "{9DC6D06B-622E-43AC-928E-6C1035D77E1C}"
EndProject
Global
	GlobalSection(SolutionConfigurationPlatforms) = preSolution
		Debug|Any CPU = Debug|Any CPU
		Release|Any CPU = Release|Any CPU
	EndGlobalSection
	GlobalSection(ProjectConfigurationPlatforms) = postSolution
		{9DC6D06B-622E-43AC-928E-6C1035D77E1C}.Debug|Any CPU.ActiveCfg = Debug|Any CPU
		{9DC6D06B-622E-43AC-928E-6C1035D77E1C}.Debug|Any CPU.Build.0 = Debug|Any CPU
		{9DC6D06B-622E-43AC-928E-6C1035D77E1C}.Release|Any CPU.ActiveCfg = Release|Any CPU
		{9DC6D06B-622E-43AC-928E-6C1035D77E1C}.Release|Any CPU.Build.0 = Release|Any CPU
	EndGlobalSection
	GlobalSection(SolutionProperties) = preSolution
		HideSolutionNode = FALSE
	EndGlobalSection
	GlobalSection(ExtensibilityGlobals) = postSolution
		SolutionGuid = {0D9F2E81-5B49-41F4-B2DB-31B8C95DF1A6}
	EndGlobalSection
EndGlobal
